// !$*UTF8*$!
{
	archiveVersion = 1;
	classes = {
	};
	objectVersion = 56;
	objects = {

/* Begin PBXBuildFile section */
		66AF5CE229C8748300CDF784 /* GFTitleLabel.swift in Sources */ = {isa = PBXBuildFile; fileRef = 66AF5CE129C8748300CDF784 /* GFTitleLabel.swift */; };
		66AF5CE429C87C2000CDF784 /* GFBodyLabel.swift in Sources */ = {isa = PBXBuildFile; fileRef = 66AF5CE329C87C2000CDF784 /* GFBodyLabel.swift */; };
		66AF5CE629C87DF000CDF784 /* GFAlertViewController.swift in Sources */ = {isa = PBXBuildFile; fileRef = 66AF5CE529C87DF000CDF784 /* GFAlertViewController.swift */; };
		66AF5CE829C8864D00CDF784 /* UIViewController+Ext.swift in Sources */ = {isa = PBXBuildFile; fileRef = 66AF5CE729C8864D00CDF784 /* UIViewController+Ext.swift */; };
		66AF5CEF29C99DA800CDF784 /* Follower.swift in Sources */ = {isa = PBXBuildFile; fileRef = 66AF5CEE29C99DA800CDF784 /* Follower.swift */; };
		66AF5CF129C99EDF00CDF784 /* User.swift in Sources */ = {isa = PBXBuildFile; fileRef = 66AF5CF029C99EDF00CDF784 /* User.swift */; };
		66AF5CF429C9B67900CDF784 /* NetworkManager.swift in Sources */ = {isa = PBXBuildFile; fileRef = 66AF5CF329C9B67900CDF784 /* NetworkManager.swift */; };
		66AF5CF729C9D8D900CDF784 /* GFError.swift in Sources */ = {isa = PBXBuildFile; fileRef = 66AF5CF629C9D8D900CDF784 /* GFError.swift */; };
		66B668AB29C30D47000A867B /* AppDelegate.swift in Sources */ = {isa = PBXBuildFile; fileRef = 66B668AA29C30D47000A867B /* AppDelegate.swift */; };
		66B668AD29C30D47000A867B /* SceneDelegate.swift in Sources */ = {isa = PBXBuildFile; fileRef = 66B668AC29C30D47000A867B /* SceneDelegate.swift */; };
		66B668B429C30D47000A867B /* Assets.xcassets in Resources */ = {isa = PBXBuildFile; fileRef = 66B668B329C30D47000A867B /* Assets.xcassets */; };
		66B668B729C30D47000A867B /* LaunchScreen.storyboard in Resources */ = {isa = PBXBuildFile; fileRef = 66B668B529C30D47000A867B /* LaunchScreen.storyboard */; };
		66B668BF29C3292C000A867B /* SearchViewController.swift in Sources */ = {isa = PBXBuildFile; fileRef = 66B668BE29C3292C000A867B /* SearchViewController.swift */; };
		66B668C129C32958000A867B /* FavoriteListViewController.swift in Sources */ = {isa = PBXBuildFile; fileRef = 66B668C029C32958000A867B /* FavoriteListViewController.swift */; };
		66B668E329C4846C000A867B /* GFButton.swift in Sources */ = {isa = PBXBuildFile; fileRef = 66B668E229C4846C000A867B /* GFButton.swift */; };
		66B668E529C4873E000A867B /* GFTextField.swift in Sources */ = {isa = PBXBuildFile; fileRef = 66B668E429C4873E000A867B /* GFTextField.swift */; };
		66B668E729C84830000A867B /* FollowerListViewController.swift in Sources */ = {isa = PBXBuildFile; fileRef = 66B668E629C84830000A867B /* FollowerListViewController.swift */; };
/* End PBXBuildFile section */

/* Begin PBXFileReference section */
		66AF5CE129C8748300CDF784 /* GFTitleLabel.swift */ = {isa = PBXFileReference; lastKnownFileType = sourcecode.swift; path = GFTitleLabel.swift; sourceTree = "<group>"; };
		66AF5CE329C87C2000CDF784 /* GFBodyLabel.swift */ = {isa = PBXFileReference; lastKnownFileType = sourcecode.swift; path = GFBodyLabel.swift; sourceTree = "<group>"; };
		66AF5CE529C87DF000CDF784 /* GFAlertViewController.swift */ = {isa = PBXFileReference; lastKnownFileType = sourcecode.swift; path = GFAlertViewController.swift; sourceTree = "<group>"; };
		66AF5CE729C8864D00CDF784 /* UIViewController+Ext.swift */ = {isa = PBXFileReference; lastKnownFileType = sourcecode.swift; path = "UIViewController+Ext.swift"; sourceTree = "<group>"; };
		66AF5CEE29C99DA800CDF784 /* Follower.swift */ = {isa = PBXFileReference; lastKnownFileType = sourcecode.swift; path = Follower.swift; sourceTree = "<group>"; };
		66AF5CF029C99EDF00CDF784 /* User.swift */ = {isa = PBXFileReference; lastKnownFileType = sourcecode.swift; path = User.swift; sourceTree = "<group>"; };
		66AF5CF329C9B67900CDF784 /* NetworkManager.swift */ = {isa = PBXFileReference; lastKnownFileType = sourcecode.swift; path = NetworkManager.swift; sourceTree = "<group>"; };
		66AF5CF629C9D8D900CDF784 /* GFError.swift */ = {isa = PBXFileReference; lastKnownFileType = sourcecode.swift; path = GFError.swift; sourceTree = "<group>"; };
		66B668A729C30D47000A867B /* GitHubFollowers.app */ = {isa = PBXFileReference; explicitFileType = wrapper.application; includeInIndex = 0; path = GitHubFollowers.app; sourceTree = BUILT_PRODUCTS_DIR; };
		66B668AA29C30D47000A867B /* AppDelegate.swift */ = {isa = PBXFileReference; lastKnownFileType = sourcecode.swift; path = AppDelegate.swift; sourceTree = "<group>"; };
		66B668AC29C30D47000A867B /* SceneDelegate.swift */ = {isa = PBXFileReference; lastKnownFileType = sourcecode.swift; path = SceneDelegate.swift; sourceTree = "<group>"; };
		66B668B329C30D47000A867B /* Assets.xcassets */ = {isa = PBXFileReference; lastKnownFileType = folder.assetcatalog; path = Assets.xcassets; sourceTree = "<group>"; };
		66B668B629C30D47000A867B /* Base */ = {isa = PBXFileReference; lastKnownFileType = file.storyboard; name = Base; path = Base.lproj/LaunchScreen.storyboard; sourceTree = "<group>"; };
		66B668B829C30D47000A867B /* Info.plist */ = {isa = PBXFileReference; lastKnownFileType = text.plist.xml; path = Info.plist; sourceTree = "<group>"; };
		66B668BE29C3292C000A867B /* SearchViewController.swift */ = {isa = PBXFileReference; lastKnownFileType = sourcecode.swift; path = SearchViewController.swift; sourceTree = "<group>"; };
		66B668C029C32958000A867B /* FavoriteListViewController.swift */ = {isa = PBXFileReference; lastKnownFileType = sourcecode.swift; path = FavoriteListViewController.swift; sourceTree = "<group>"; };
		66B668E229C4846C000A867B /* GFButton.swift */ = {isa = PBXFileReference; lastKnownFileType = sourcecode.swift; path = GFButton.swift; sourceTree = "<group>"; };
		66B668E429C4873E000A867B /* GFTextField.swift */ = {isa = PBXFileReference; lastKnownFileType = sourcecode.swift; path = GFTextField.swift; sourceTree = "<group>"; };
		66B668E629C84830000A867B /* FollowerListViewController.swift */ = {isa = PBXFileReference; lastKnownFileType = sourcecode.swift; path = FollowerListViewController.swift; sourceTree = "<group>"; };
/* End PBXFileReference section */

/* Begin PBXFrameworksBuildPhase section */
		66B668A429C30D47000A867B /* Frameworks */ = {
			isa = PBXFrameworksBuildPhase;
			buildActionMask = 2147483647;
			files = (
			);
			runOnlyForDeploymentPostprocessing = 0;
		};
/* End PBXFrameworksBuildPhase section */

/* Begin PBXGroup section */
		66AF5CE929C89BB500CDF784 /* Screens */ = {
			isa = PBXGroup;
			children = (
				66B668BE29C3292C000A867B /* SearchViewController.swift */,
				66B668C029C32958000A867B /* FavoriteListViewController.swift */,
				66B668E629C84830000A867B /* FollowerListViewController.swift */,
			);
			path = Screens;
			sourceTree = "<group>";
		};
		66AF5CEA29C89BEA00CDF784 /* Custom Views */ = {
			isa = PBXGroup;
			children = (
				66B668E229C4846C000A867B /* GFButton.swift */,
				66B668E429C4873E000A867B /* GFTextField.swift */,
				66AF5CE129C8748300CDF784 /* GFTitleLabel.swift */,
				66AF5CE329C87C2000CDF784 /* GFBodyLabel.swift */,
				66AF5CE529C87DF000CDF784 /* GFAlertViewController.swift */,
			);
			path = "Custom Views";
			sourceTree = "<group>";
		};
		66AF5CEB29C89C1A00CDF784 /* Extensions */ = {
			isa = PBXGroup;
			children = (
				66AF5CE729C8864D00CDF784 /* UIViewController+Ext.swift */,
			);
			path = Extensions;
			sourceTree = "<group>";
		};
		66AF5CEC29C89C5500CDF784 /* Support */ = {
			isa = PBXGroup;
			children = (
				66B668AA29C30D47000A867B /* AppDelegate.swift */,
				66B668AC29C30D47000A867B /* SceneDelegate.swift */,
			);
			path = Support;
			sourceTree = "<group>";
		};
		66AF5CED29C99D9000CDF784 /* Model */ = {
			isa = PBXGroup;
			children = (
				66AF5CEE29C99DA800CDF784 /* Follower.swift */,
				66AF5CF029C99EDF00CDF784 /* User.swift */,
			);
			path = Model;
			sourceTree = "<group>";
		};
		66AF5CF229C9B66900CDF784 /* Managers */ = {
			isa = PBXGroup;
			children = (
				66AF5CF329C9B67900CDF784 /* NetworkManager.swift */,
			);
			path = Managers;
			sourceTree = "<group>";
		};
		66AF5CF529C9D8BA00CDF784 /* Utilities */ = {
			isa = PBXGroup;
			children = (
				66AF5CF629C9D8D900CDF784 /* GFError.swift */,
			);
			path = Utilities;
			sourceTree = "<group>";
		};
		66B6689E29C30D47000A867B = {
			isa = PBXGroup;
			children = (
				66B668A929C30D47000A867B /* GitHubFollowers */,
				66B668A829C30D47000A867B /* Products */,
			);
			sourceTree = "<group>";
		};
		66B668A829C30D47000A867B /* Products */ = {
			isa = PBXGroup;
			children = (
				66B668A729C30D47000A867B /* GitHubFollowers.app */,
			);
			name = Products;
			sourceTree = "<group>";
		};
		66B668A929C30D47000A867B /* GitHubFollowers */ = {
			isa = PBXGroup;
			children = (
				66AF5CF529C9D8BA00CDF784 /* Utilities */,
				66AF5CF229C9B66900CDF784 /* Managers */,
				66AF5CED29C99D9000CDF784 /* Model */,
				66AF5CEC29C89C5500CDF784 /* Support */,
				66AF5CEB29C89C1A00CDF784 /* Extensions */,
				66AF5CEA29C89BEA00CDF784 /* Custom Views */,
				66AF5CE929C89BB500CDF784 /* Screens */,
				66B668B329C30D47000A867B /* Assets.xcassets */,
				66B668B529C30D47000A867B /* LaunchScreen.storyboard */,
				66B668B829C30D47000A867B /* Info.plist */,
			);
			path = GitHubFollowers;
			sourceTree = "<group>";
		};
/* End PBXGroup section */

/* Begin PBXNativeTarget section */
		66B668A629C30D47000A867B /* GitHubFollowers */ = {
			isa = PBXNativeTarget;
			buildConfigurationList = 66B668BB29C30D47000A867B /* Build configuration list for PBXNativeTarget "GitHubFollowers" */;
			buildPhases = (
				66B668A329C30D47000A867B /* Sources */,
				66B668A429C30D47000A867B /* Frameworks */,
				66B668A529C30D47000A867B /* Resources */,
			);
			buildRules = (
			);
			dependencies = (
			);
			name = GitHubFollowers;
			productName = GitHubFollowers;
			productReference = 66B668A729C30D47000A867B /* GitHubFollowers.app */;
			productType = "com.apple.product-type.application";
		};
/* End PBXNativeTarget section */

/* Begin PBXProject section */
		66B6689F29C30D47000A867B /* Project object */ = {
			isa = PBXProject;
			attributes = {
				BuildIndependentTargetsInParallel = 1;
				LastSwiftUpdateCheck = 1420;
				LastUpgradeCheck = 1420;
				TargetAttributes = {
					66B668A629C30D47000A867B = {
						CreatedOnToolsVersion = 14.2;
					};
				};
			};
			buildConfigurationList = 66B668A229C30D47000A867B /* Build configuration list for PBXProject "GitHubFollowers" */;
			compatibilityVersion = "Xcode 14.0";
			developmentRegion = en;
			hasScannedForEncodings = 0;
			knownRegions = (
				en,
				Base,
			);
			mainGroup = 66B6689E29C30D47000A867B;
			productRefGroup = 66B668A829C30D47000A867B /* Products */;
			projectDirPath = "";
			projectRoot = "";
			targets = (
				66B668A629C30D47000A867B /* GitHubFollowers */,
			);
		};
/* End PBXProject section */

/* Begin PBXResourcesBuildPhase section */
		66B668A529C30D47000A867B /* Resources */ = {
			isa = PBXResourcesBuildPhase;
			buildActionMask = 2147483647;
			files = (
				66B668B729C30D47000A867B /* LaunchScreen.storyboard in Resources */,
				66B668B429C30D47000A867B /* Assets.xcassets in Resources */,
			);
			runOnlyForDeploymentPostprocessing = 0;
		};
/* End PBXResourcesBuildPhase section */

/* Begin PBXSourcesBuildPhase section */
		66B668A329C30D47000A867B /* Sources */ = {
			isa = PBXSourcesBuildPhase;
			buildActionMask = 2147483647;
			files = (
				66AF5CF129C99EDF00CDF784 /* User.swift in Sources */,
				66AF5CE629C87DF000CDF784 /* GFAlertViewController.swift in Sources */,
				66B668E529C4873E000A867B /* GFTextField.swift in Sources */,
				66B668C129C32958000A867B /* FavoriteListViewController.swift in Sources */,
				66AF5CEF29C99DA800CDF784 /* Follower.swift in Sources */,
				66AF5CE829C8864D00CDF784 /* UIViewController+Ext.swift in Sources */,
				66B668E329C4846C000A867B /* GFButton.swift in Sources */,
				66AF5CF729C9D8D900CDF784 /* GFError.swift in Sources */,
				66B668E729C84830000A867B /* FollowerListViewController.swift in Sources */,
				66AF5CE429C87C2000CDF784 /* GFBodyLabel.swift in Sources */,
				66AF5CE229C8748300CDF784 /* GFTitleLabel.swift in Sources */,
				66AF5CF429C9B67900CDF784 /* NetworkManager.swift in Sources */,
				66B668BF29C3292C000A867B /* SearchViewController.swift in Sources */,
				66B668AB29C30D47000A867B /* AppDelegate.swift in Sources */,
				66B668AD29C30D47000A867B /* SceneDelegate.swift in Sources */,
			);
			runOnlyForDeploymentPostprocessing = 0;
		};
/* End PBXSourcesBuildPhase section */

/* Begin PBXVariantGroup section */
		66B668B529C30D47000A867B /* LaunchScreen.storyboard */ = {
			isa = PBXVariantGroup;
			children = (
				66B668B629C30D47000A867B /* Base */,
			);
			name = LaunchScreen.storyboard;
			sourceTree = "<group>";
		};
/* End PBXVariantGroup section */

/* Begin XCBuildConfiguration section */
		66B668B929C30D47000A867B /* Debug */ = {
			isa = XCBuildConfiguration;
			buildSettings = {
				ALWAYS_SEARCH_USER_PATHS = NO;
				CLANG_ANALYZER_NONNULL = YES;
				CLANG_ANALYZER_NUMBER_OBJECT_CONVERSION = YES_AGGRESSIVE;
				CLANG_CXX_LANGUAGE_STANDARD = "gnu++20";
				CLANG_ENABLE_MODULES = YES;
				CLANG_ENABLE_OBJC_ARC = YES;
				CLANG_ENABLE_OBJC_WEAK = YES;
				CLANG_WARN_BLOCK_CAPTURE_AUTORELEASING = YES;
				CLANG_WARN_BOOL_CONVERSION = YES;
				CLANG_WARN_COMMA = YES;
				CLANG_WARN_CONSTANT_CONVERSION = YES;
				CLANG_WARN_DEPRECATED_OBJC_IMPLEMENTATIONS = YES;
				CLANG_WARN_DIRECT_OBJC_ISA_USAGE = YES_ERROR;
				CLANG_WARN_DOCUMENTATION_COMMENTS = YES;
				CLANG_WARN_EMPTY_BODY = YES;
				CLANG_WARN_ENUM_CONVERSION = YES;
				CLANG_WARN_INFINITE_RECURSION = YES;
				CLANG_WARN_INT_CONVERSION = YES;
				CLANG_WARN_NON_LITERAL_NULL_CONVERSION = YES;
				CLANG_WARN_OBJC_IMPLICIT_RETAIN_SELF = YES;
				CLANG_WARN_OBJC_LITERAL_CONVERSION = YES;
				CLANG_WARN_OBJC_ROOT_CLASS = YES_ERROR;
				CLANG_WARN_QUOTED_INCLUDE_IN_FRAMEWORK_HEADER = YES;
				CLANG_WARN_RANGE_LOOP_ANALYSIS = YES;
				CLANG_WARN_STRICT_PROTOTYPES = YES;
				CLANG_WARN_SUSPICIOUS_MOVE = YES;
				CLANG_WARN_UNGUARDED_AVAILABILITY = YES_AGGRESSIVE;
				CLANG_WARN_UNREACHABLE_CODE = YES;
				CLANG_WARN__DUPLICATE_METHOD_MATCH = YES;
				COPY_PHASE_STRIP = NO;
				DEBUG_INFORMATION_FORMAT = dwarf;
				DEVELOPMENT_TEAM = ST823QU25Q;
				ENABLE_STRICT_OBJC_MSGSEND = YES;
				ENABLE_TESTABILITY = YES;
				GCC_C_LANGUAGE_STANDARD = gnu11;
				GCC_DYNAMIC_NO_PIC = NO;
				GCC_NO_COMMON_BLOCKS = YES;
				GCC_OPTIMIZATION_LEVEL = 0;
				GCC_PREPROCESSOR_DEFINITIONS = (
					"DEBUG=1",
					"$(inherited)",
				);
				GCC_WARN_64_TO_32_BIT_CONVERSION = YES;
				GCC_WARN_ABOUT_RETURN_TYPE = YES_ERROR;
				GCC_WARN_UNDECLARED_SELECTOR = YES;
				GCC_WARN_UNINITIALIZED_AUTOS = YES_AGGRESSIVE;
				GCC_WARN_UNUSED_FUNCTION = YES;
				GCC_WARN_UNUSED_VARIABLE = YES;
				IPHONEOS_DEPLOYMENT_TARGET = 16.2;
				MTL_ENABLE_DEBUG_INFO = INCLUDE_SOURCE;
				MTL_FAST_MATH = YES;
				ONLY_ACTIVE_ARCH = YES;
				SDKROOT = iphoneos;
				SWIFT_ACTIVE_COMPILATION_CONDITIONS = DEBUG;
				SWIFT_OPTIMIZATION_LEVEL = "-Onone";
			};
			name = Debug;
		};
		66B668BA29C30D47000A867B /* Release */ = {
			isa = XCBuildConfiguration;
			buildSettings = {
				ALWAYS_SEARCH_USER_PATHS = NO;
				CLANG_ANALYZER_NONNULL = YES;
				CLANG_ANALYZER_NUMBER_OBJECT_CONVERSION = YES_AGGRESSIVE;
				CLANG_CXX_LANGUAGE_STANDARD = "gnu++20";
				CLANG_ENABLE_MODULES = YES;
				CLANG_ENABLE_OBJC_ARC = YES;
				CLANG_ENABLE_OBJC_WEAK = YES;
				CLANG_WARN_BLOCK_CAPTURE_AUTORELEASING = YES;
				CLANG_WARN_BOOL_CONVERSION = YES;
				CLANG_WARN_COMMA = YES;
				CLANG_WARN_CONSTANT_CONVERSION = YES;
				CLANG_WARN_DEPRECATED_OBJC_IMPLEMENTATIONS = YES;
				CLANG_WARN_DIRECT_OBJC_ISA_USAGE = YES_ERROR;
				CLANG_WARN_DOCUMENTATION_COMMENTS = YES;
				CLANG_WARN_EMPTY_BODY = YES;
				CLANG_WARN_ENUM_CONVERSION = YES;
				CLANG_WARN_INFINITE_RECURSION = YES;
				CLANG_WARN_INT_CONVERSION = YES;
				CLANG_WARN_NON_LITERAL_NULL_CONVERSION = YES;
				CLANG_WARN_OBJC_IMPLICIT_RETAIN_SELF = YES;
				CLANG_WARN_OBJC_LITERAL_CONVERSION = YES;
				CLANG_WARN_OBJC_ROOT_CLASS = YES_ERROR;
				CLANG_WARN_QUOTED_INCLUDE_IN_FRAMEWORK_HEADER = YES;
				CLANG_WARN_RANGE_LOOP_ANALYSIS = YES;
				CLANG_WARN_STRICT_PROTOTYPES = YES;
				CLANG_WARN_SUSPICIOUS_MOVE = YES;
				CLANG_WARN_UNGUARDED_AVAILABILITY = YES_AGGRESSIVE;
				CLANG_WARN_UNREACHABLE_CODE = YES;
				CLANG_WARN__DUPLICATE_METHOD_MATCH = YES;
				COPY_PHASE_STRIP = NO;
				DEBUG_INFORMATION_FORMAT = "dwarf-with-dsym";
				DEVELOPMENT_TEAM = ST823QU25Q;
				ENABLE_NS_ASSERTIONS = NO;
				ENABLE_STRICT_OBJC_MSGSEND = YES;
				GCC_C_LANGUAGE_STANDARD = gnu11;
				GCC_NO_COMMON_BLOCKS = YES;
				GCC_WARN_64_TO_32_BIT_CONVERSION = YES;
				GCC_WARN_ABOUT_RETURN_TYPE = YES_ERROR;
				GCC_WARN_UNDECLARED_SELECTOR = YES;
				GCC_WARN_UNINITIALIZED_AUTOS = YES_AGGRESSIVE;
				GCC_WARN_UNUSED_FUNCTION = YES;
				GCC_WARN_UNUSED_VARIABLE = YES;
				IPHONEOS_DEPLOYMENT_TARGET = 16.2;
				MTL_ENABLE_DEBUG_INFO = NO;
				MTL_FAST_MATH = YES;
				SDKROOT = iphoneos;
				SWIFT_COMPILATION_MODE = wholemodule;
				SWIFT_OPTIMIZATION_LEVEL = "-O";
				VALIDATE_PRODUCT = YES;
			};
			name = Release;
		};
		66B668BC29C30D47000A867B /* Debug */ = {
			isa = XCBuildConfiguration;
			buildSettings = {
				ASSETCATALOG_COMPILER_APPICON_NAME = AppIcon;
				ASSETCATALOG_COMPILER_GLOBAL_ACCENT_COLOR_NAME = AccentColor;
				CODE_SIGN_STYLE = Automatic;
				CURRENT_PROJECT_VERSION = 1;
				DEVELOPMENT_TEAM = ST823QU25Q;
				GENERATE_INFOPLIST_FILE = YES;
				INFOPLIST_FILE = GitHubFollowers/Info.plist;
				INFOPLIST_KEY_UIApplicationSupportsIndirectInputEvents = YES;
				INFOPLIST_KEY_UILaunchStoryboardName = LaunchScreen;
				INFOPLIST_KEY_UIMainStoryboardFile = "";
				INFOPLIST_KEY_UISupportedInterfaceOrientations = UIInterfaceOrientationPortrait;
				LD_RUNPATH_SEARCH_PATHS = (
					"$(inherited)",
					"@executable_path/Frameworks",
				);
				MARKETING_VERSION = 1.0;
				PRODUCT_BUNDLE_IDENTIFIER = com.akula.GitHubFollowers;
				PRODUCT_NAME = "$(TARGET_NAME)";
				SUPPORTED_PLATFORMS = "iphoneos iphonesimulator";
				SUPPORTS_MACCATALYST = NO;
				SUPPORTS_MAC_DESIGNED_FOR_IPHONE_IPAD = NO;
				SWIFT_EMIT_LOC_STRINGS = YES;
				SWIFT_VERSION = 5.0;
				TARGETED_DEVICE_FAMILY = 1;
			};
			name = Debug;
		};
		66B668BD29C30D47000A867B /* Release */ = {
			isa = XCBuildConfiguration;
			buildSettings = {
				ASSETCATALOG_COMPILER_APPICON_NAME = AppIcon;
				ASSETCATALOG_COMPILER_GLOBAL_ACCENT_COLOR_NAME = AccentColor;
				CODE_SIGN_STYLE = Automatic;
				CURRENT_PROJECT_VERSION = 1;
				DEVELOPMENT_TEAM = ST823QU25Q;
				GENERATE_INFOPLIST_FILE = YES;
				INFOPLIST_FILE = GitHubFollowers/Info.plist;
				INFOPLIST_KEY_UIApplicationSupportsIndirectInputEvents = YES;
				INFOPLIST_KEY_UILaunchStoryboardName = LaunchScreen;
				INFOPLIST_KEY_UIMainStoryboardFile = "";
				INFOPLIST_KEY_UISupportedInterfaceOrientations = UIInterfaceOrientationPortrait;
				LD_RUNPATH_SEARCH_PATHS = (
					"$(inherited)",
					"@executable_path/Frameworks",
				);
				MARKETING_VERSION = 1.0;
				PRODUCT_BUNDLE_IDENTIFIER = com.akula.GitHubFollowers;
				PRODUCT_NAME = "$(TARGET_NAME)";
				SUPPORTED_PLATFORMS = "iphoneos iphonesimulator";
				SUPPORTS_MACCATALYST = NO;
				SUPPORTS_MAC_DESIGNED_FOR_IPHONE_IPAD = NO;
				SWIFT_EMIT_LOC_STRINGS = YES;
				SWIFT_VERSION = 5.0;
				TARGETED_DEVICE_FAMILY = 1;
			};
			name = Release;
		};
/* End XCBuildConfiguration section */

/* Begin XCConfigurationList section */
		66B668A229C30D47000A867B /* Build configuration list for PBXProject "GitHubFollowers" */ = {
			isa = XCConfigurationList;
			buildConfigurations = (
				66B668B929C30D47000A867B /* Debug */,
				66B668BA29C30D47000A867B /* Release */,
			);
			defaultConfigurationIsVisible = 0;
			defaultConfigurationName = Release;
		};
		66B668BB29C30D47000A867B /* Build configuration list for PBXNativeTarget "GitHubFollowers" */ = {
			isa = XCConfigurationList;
			buildConfigurations = (
				66B668BC29C30D47000A867B /* Debug */,
				66B668BD29C30D47000A867B /* Release */,
			);
			defaultConfigurationIsVisible = 0;
			defaultConfigurationName = Release;
		};
/* End XCConfigurationList section */
	};
	rootObject = 66B6689F29C30D47000A867B /* Project object */;
}
